
Microsoft Visual Studio Solution File, Format Version 12.00
# Visual Studio Version 17
VisualStudioVersion = 17.0.32002.185
MinimumVisualStudioVersion = 10.0.40219.1
Project("{FAE04EC0-301F-11D3-BF4B-00C04F79EFBC}") = "DataAnnotation", "DataAnnotation\DataAnnotation.csproj", "{79036D2E-716A-4054-BE2D-D7171CD8B49A}"
EndProject
Global
	GlobalSection(SolutionConfigurationPlatforms) = preSolution
		Debug|Any CPU = Debug|Any CPU
		Release|Any CPU = Release|Any CPU
	EndGlobalSection
	GlobalSection(ProjectConfigurationPlatforms) = postSolution
		{79036D2E-716A-4054-BE2D-D7171CD8B49A}.Debug|Any CPU.ActiveCfg = Debug|Any CPU
		{79036D2E-716A-4054-BE2D-D7171CD8B49A}.Debug|Any CPU.Build.0 = Debug|Any CPU
		{79036D2E-716A-4054-BE2D-D7171CD8B49A}.Release|Any CPU.ActiveCfg = Release|Any CPU
		{79036D2E-716A-4054-BE2D-D7171CD8B49A}.Release|Any CPU.Build.0 = Release|Any CPU
	EndGlobalSection
	GlobalSection(SolutionProperties) = preSolution
		HideSolutionNode = FALSE
	EndGlobalSection
	GlobalSection(ExtensibilityGlobals) = postSolution
		SolutionGuid = {8A5B4205-E1E0-472A-A231-E577A4CF6FB9}
	EndGlobalSection
EndGlobal
